
Microsoft Visual Studio Solution File, Format Version 12.00
# Visual Studio Version 17
VisualStudioVersion = 17.7.34221.43
MinimumVisualStudioVersion = 10.0.40219.1
Project("{FAE04EC0-301F-11D3-BF4B-00C04F79EFBC}") = "OreBreakerFocus", "OreBreakerFocus\OreBreakerFocus.csproj", "{8820B698-B3D5-4AB8-838F-AC0B9EE1AA01}"
EndProject
Global
	GlobalSection(SolutionConfigurationPlatforms) = preSolution
		Debug|Any CPU = Debug|Any CPU
		Release|Any CPU = Release|Any CPU
	EndGlobalSection
	GlobalSection(ProjectConfigurationPlatforms) = postSolution
		{8820B698-B3D5-4AB8-838F-AC0B9EE1AA01}.Debug|Any CPU.ActiveCfg = Debug|Any CPU
		{8820B698-B3D5-4AB8-838F-AC0B9EE1AA01}.Debug|Any CPU.Build.0 = Debug|Any CPU
		{8820B698-B3D5-4AB8-838F-AC0B9EE1AA01}.Release|Any CPU.ActiveCfg = Release|Any CPU
		{8820B698-B3D5-4AB8-838F-AC0B9EE1AA01}.Release|Any CPU.Build.0 = Release|Any CPU
	EndGlobalSection
	GlobalSection(SolutionProperties) = preSolution
		HideSolutionNode = FALSE
	EndGlobalSection
	GlobalSection(ExtensibilityGlobals) = postSolution
		SolutionGuid = {7BE1514E-8A8C-45FC-93D7-B767DEE9B1F8}
	EndGlobalSection
EndGlobal
